
Microsoft Visual Studio Solution File, Format Version 12.00
# Visual Studio 14
VisualStudioVersion = 14.0.25420.1
MinimumVisualStudioVersion = 10.0.40219.1
Project("{8BC9CEB8-8B4A-11D0-8D11-00A0C91BC942}") = "mpq", "mpq\mpq.vcxproj", "{10BA9197-FF5F-4348-BE1B-62E1B4FB1BD9}"
EndProject
Global
	GlobalSection(SolutionConfigurationPlatforms) = preSolution
		Debug|x64 = Debug|x64
		Debug|x86 = Debug|x86
		Release_TEST|x64 = Release_TEST|x64
		Release_TEST|x86 = Release_TEST|x86
		Release|x64 = Release|x64
		Release|x86 = Release|x86
	EndGlobalSection
	GlobalSection(ProjectConfigurationPlatforms) = postSolution
		{10BA9197-FF5F-4348-BE1B-62E1B4FB1BD9}.Debug|x64.ActiveCfg = Debug|x64
		{10BA9197-FF5F-4348-BE1B-62E1B4FB1BD9}.Debug|x64.Build.0 = Debug|x64
		{10BA9197-FF5F-4348-BE1B-62E1B4FB1BD9}.Debug|x86.ActiveCfg = Debug|Win32
		{10BA9197-FF5F-4348-BE1B-62E1B4FB1BD9}.Debug|x86.Build.0 = Debug|Win32
		{10BA9197-FF5F-4348-BE1B-62E1B4FB1BD9}.Release_TEST|x64.ActiveCfg = Release_TEST|x64
		{10BA9197-FF5F-4348-BE1B-62E1B4FB1BD9}.Release_TEST|x64.Build.0 = Release_TEST|x64
		{10BA9197-FF5F-4348-BE1B-62E1B4FB1BD9}.Release_TEST|x86.ActiveCfg = Release_TEST|Win32
		{10BA9197-FF5F-4348-BE1B-62E1B4FB1BD9}.Release_TEST|x86.Build.0 = Release_TEST|Win32
		{10BA9197-FF5F-4348-BE1B-62E1B4FB1BD9}.Release|x64.ActiveCfg = Release|x64
		{10BA9197-FF5F-4348-BE1B-62E1B4FB1BD9}.Release|x64.Build.0 = Release|x64
		{10BA9197-FF5F-4348-BE1B-62E1B4FB1BD9}.Release|x86.ActiveCfg = Release|Win32
		{10BA9197-FF5F-4348-BE1B-62E1B4FB1BD9}.Release|x86.Build.0 = Release|Win32
	EndGlobalSection
	GlobalSection(SolutionProperties) = preSolution
		HideSolutionNode = FALSE
	EndGlobalSection
EndGlobal
