<?xml version="1.0" encoding="utf-8"?>
<Project ToolsVersion="4.0" xmlns="http://schemas.microsoft.com/developer/msbuild/2003">
  <ItemGroup>
    <ClCompile Include="main.cpp" />
    <ClCompile Include="comp\exp.c">
      <Filter>comp</Filter>
    </ClCompile>
    <ClCompile Include="comp\huffman.cpp">
      <Filter>comp</Filter>
    </ClCompile>
    <ClCompile Include="comp\imp.c">
      <Filter>comp</Filter>
    </ClCompile>
    <ClCompile Include="comp\scomp.cpp">
      <Filter>comp</Filter>
    </ClCompile>
    <ClCompile Include="comp\serr.cpp">
      <Filter>comp</Filter>
    </ClCompile>
    <ClCompile Include="comp\smem.cpp">
      <Filter>comp</Filter>
    </ClCompile>
    <ClCompile Include="comp\wave.cpp">
      <Filter>comp</Filter>
    </ClCompile>
    <ClCompile Include="cmpdcmp.cpp">
      <Filter>mpqrw</Filter>
    </ClCompile>
    <ClCompile Include="mpqcrypt.cpp">
      <Filter>mpqrw</Filter>
    </ClCompile>
    <ClCompile Include="mpqread.cpp">
      <Filter>mpqrw</Filter>
    </ClCompile>
    <ClCompile Include="mpqwrite.cpp">
      <Filter>mpqrw</Filter>
    </ClCompile>
    <ClCompile Include="test_main.cpp" />
    <ClCompile Include="test\test_cmpdcmp.cpp">
      <Filter>test</Filter>
    </ClCompile>
    <ClCompile Include="keycalc.cpp">
      <Filter>mpqrw</Filter>
    </ClCompile>
    <ClCompile Include="modchk.cpp">
      <Filter>mpqrw</Filter>
    </ClCompile>
    <ClCompile Include="comp\zlib\adler32.c">
      <Filter>comp\zlib</Filter>
    </ClCompile>
    <ClCompile Include="comp\zlib\compress.c">
      <Filter>comp\zlib</Filter>
    </ClCompile>
    <ClCompile Include="comp\zlib\crc32.c">
      <Filter>comp\zlib</Filter>
    </ClCompile>
    <ClCompile Include="comp\zlib\deflate.c">
      <Filter>comp\zlib</Filter>
    </ClCompile>
    <ClCompile Include="comp\zlib\gzclose.c">
      <Filter>comp\zlib</Filter>
    </ClCompile>
    <ClCompile Include="comp\zlib\gzlib.c">
      <Filter>comp\zlib</Filter>
    </ClCompile>
    <ClCompile Include="comp\zlib\gzread.c">
      <Filter>comp\zlib</Filter>
    </ClCompile>
    <ClCompile Include="comp\zlib\gzwrite.c">
      <Filter>comp\zlib</Filter>
    </ClCompile>
    <ClCompile Include="comp\zlib\infback.c">
      <Filter>comp\zlib</Filter>
    </ClCompile>
    <ClCompile Include="comp\zlib\inffast.c">
      <Filter>comp\zlib</Filter>
    </ClCompile>
    <ClCompile Include="comp\zlib\inflate.c">
      <Filter>comp\zlib</Filter>
    </ClCompile>
    <ClCompile Include="comp\zlib\inftrees.c">
      <Filter>comp\zlib</Filter>
    </ClCompile>
    <ClCompile Include="comp\zlib\trees.c">
      <Filter>comp\zlib</Filter>
    </ClCompile>
    <ClCompile Include="comp\zlib\uncompr.c">
      <Filter>comp\zlib</Filter>
    </ClCompile>
    <ClCompile Include="comp\zlib\zutil.c">
      <Filter>comp\zlib</Filter>
    </ClCompile>
  </ItemGroup>
  <ItemGroup>
    <ClInclude Include="comp\huffman.h">
      <Filter>comp</Filter>
    </ClInclude>
    <ClInclude Include="comp\pklib.h">
      <Filter>comp</Filter>
    </ClInclude>
    <ClInclude Include="comp\scomp.h">
      <Filter>comp</Filter>
    </ClInclude>
    <ClInclude Include="comp\serr.h">
      <Filter>comp</Filter>
    </ClInclude>
    <ClInclude Include="comp\smem.h">
      <Filter>comp</Filter>
    </ClInclude>
    <ClInclude Include="comp\wave.h">
      <Filter>comp</Filter>
    </ClInclude>
    <ClInclude Include="cmpdcmp.h">
      <Filter>mpqrw</Filter>
    </ClInclude>
    <ClInclude Include="mpqcrypt.h">
      <Filter>mpqrw</Filter>
    </ClInclude>
    <ClInclude Include="mpqread.h">
      <Filter>mpqrw</Filter>
    </ClInclude>
    <ClInclude Include="mpqtypes.h">
      <Filter>mpqrw</Filter>
    </ClInclude>
    <ClInclude Include="mpqwrite.h">
      <Filter>mpqrw</Filter>
    </ClInclude>
    <ClInclude Include="doctest.h" />
    <ClInclude Include="keycalc.h">
      <Filter>mpqrw</Filter>
    </ClInclude>
    <ClInclude Include="comp\zlib\crc32.h">
      <Filter>comp\zlib</Filter>
    </ClInclude>
    <ClInclude Include="comp\zlib\deflate.h">
      <Filter>comp\zlib</Filter>
    </ClInclude>
    <ClInclude Include="comp\zlib\gzguts.h">
      <Filter>comp\zlib</Filter>
    </ClInclude>
    <ClInclude Include="comp\zlib\inffast.h">
      <Filter>comp\zlib</Filter>
    </ClInclude>
    <ClInclude Include="comp\zlib\inffixed.h">
      <Filter>comp\zlib</Filter>
    </ClInclude>
    <ClInclude Include="comp\zlib\inflate.h">
      <Filter>comp\zlib</Filter>
    </ClInclude>
    <ClInclude Include="comp\zlib\inftrees.h">
      <Filter>comp\zlib</Filter>
    </ClInclude>
    <ClInclude Include="comp\zlib\trees.h">
      <Filter>comp\zlib</Filter>
    </ClInclude>
    <ClInclude Include="comp\zlib\zconf.h">
      <Filter>comp\zlib</Filter>
    </ClInclude>
    <ClInclude Include="comp\zlib\zlib.h">
      <Filter>comp\zlib</Filter>
    </ClInclude>
    <ClInclude Include="comp\zlib\zutil.h">
      <Filter>comp\zlib</Filter>
    </ClInclude>
  </ItemGroup>
  <ItemGroup>
    <Filter Include="comp">
      <UniqueIdentifier>{ca9b596c-f423-4fb5-8ea5-5224d2950303}</UniqueIdentifier>
    </Filter>
    <Filter Include="mpqrw">
      <UniqueIdentifier>{fc288462-9934-4787-b657-b8222f431258}</UniqueIdentifier>
    </Filter>
    <Filter Include="test">
      <UniqueIdentifier>{18cdaa3a-b076-4151-b65b-ac66ee40ee9d}</UniqueIdentifier>
    </Filter>
    <Filter Include="comp\zlib">
      <UniqueIdentifier>{c70d3fc8-d75a-4d65-a3fb-b11189257e99}</UniqueIdentifier>
    </Filter>
  </ItemGroup>
</Project>